
Microsoft Visual Studio Solution File, Format Version 12.00
# Visual Studio 15
VisualStudioVersion = 15.0.28307.168
MinimumVisualStudioVersion = 10.0.40219.1
Project("{9A19103F-16F7-4668-BE54-9A1E7A4F7556}") = "Protobuf.CodeGen.BuildTask", "src\Protobuf.CodeGen.BuildTask\Protobuf.CodeGen.BuildTask.csproj", "{5E1390BD-A85D-441C-A518-FB97D3DC317F}"
EndProject
Project("{2150E333-8FDC-42A3-9474-1A3956D46DE8}") = "miscs", "miscs", "{ABFFC9D7-281E-47D8-B6A4-0F3AB690448F}"
	ProjectSection(SolutionItems) = preProject
		.gitignore = .gitignore
		.travis.yml = .travis.yml
		appveyor.yml = appveyor.yml
		codecov.yml = codecov.yml
		LICENSE = LICENSE
		README.md = README.md
	EndProjectSection
EndProject
Project("{9A19103F-16F7-4668-BE54-9A1E7A4F7556}") = "Protobuf.CodeGen.BuildTask.Tests", "test\Protobuf.CodeGen.BuildTask.Tests\Protobuf.CodeGen.BuildTask.Tests.csproj", "{D4CE589E-099B-4D5A-B00D-1CE3EEF215BD}"
EndProject
Project("{2150E333-8FDC-42A3-9474-1A3956D46DE8}") = "test", "test", "{42CAEAC1-138B-4C29-B490-22138AA314E6}"
EndProject
Global
	GlobalSection(SolutionConfigurationPlatforms) = preSolution
		Debug|Any CPU = Debug|Any CPU
		Release|Any CPU = Release|Any CPU
	EndGlobalSection
	GlobalSection(ProjectConfigurationPlatforms) = postSolution
		{5E1390BD-A85D-441C-A518-FB97D3DC317F}.Debug|Any CPU.ActiveCfg = Debug|Any CPU
		{5E1390BD-A85D-441C-A518-FB97D3DC317F}.Debug|Any CPU.Build.0 = Debug|Any CPU
		{5E1390BD-A85D-441C-A518-FB97D3DC317F}.Release|Any CPU.ActiveCfg = Release|Any CPU
		{5E1390BD-A85D-441C-A518-FB97D3DC317F}.Release|Any CPU.Build.0 = Release|Any CPU
		{D4CE589E-099B-4D5A-B00D-1CE3EEF215BD}.Debug|Any CPU.ActiveCfg = Debug|Any CPU
		{D4CE589E-099B-4D5A-B00D-1CE3EEF215BD}.Debug|Any CPU.Build.0 = Debug|Any CPU
		{D4CE589E-099B-4D5A-B00D-1CE3EEF215BD}.Release|Any CPU.ActiveCfg = Release|Any CPU
		{D4CE589E-099B-4D5A-B00D-1CE3EEF215BD}.Release|Any CPU.Build.0 = Release|Any CPU
	EndGlobalSection
	GlobalSection(SolutionProperties) = preSolution
		HideSolutionNode = FALSE
	EndGlobalSection
	GlobalSection(NestedProjects) = preSolution
		{D4CE589E-099B-4D5A-B00D-1CE3EEF215BD} = {42CAEAC1-138B-4C29-B490-22138AA314E6}
	EndGlobalSection
	GlobalSection(ExtensibilityGlobals) = postSolution
		SolutionGuid = {547BA788-70C2-49A0-B15C-2A70374FC667}
	EndGlobalSection
EndGlobal
